<?xml version="1.0" encoding="utf-8"?>
<Project ToolsVersion="4.0" xmlns="http://schemas.microsoft.com/developer/msbuild/2003">
  <ItemGroup>
    <Filter Include="src">
      <UniqueIdentifier>{4FC737F1-C7A5-4376-A066-2A32D752A2FF}</UniqueIdentifier>
      <Extensions>cpp;c;cc;cxx;def;odl;idl;hpj;bat;asm;asmx</Extensions>
    </Filter>
    <Filter Include="src\module">
      <UniqueIdentifier>{73e18807-7f23-46b4-a34f-9766a4fc986e}</UniqueIdentifier>
    </Filter>
    <Filter Include="src\sim">
      <UniqueIdentifier>{2311b744-4369-4b56-a71f-6d1d58ab6dae}</UniqueIdentifier>
    </Filter>
    <Filter Include="src\util">
      <UniqueIdentifier>{dd00f813-7a57-4343-8244-505cb2b2b7a4}</UniqueIdentifier>
    </Filter>
    <Filter Include="src\define">
      <UniqueIdentifier>{ab09b8a6-6806-419c-a854-ade58bb38cc5}</UniqueIdentifier>
    </Filter>
    <Filter Include="resource">
      <UniqueIdentifier>{c3cb4b9b-54ed-43c5-8499-b3ca25c681d7}</UniqueIdentifier>
    </Filter>
    <Filter Include="test">
      <UniqueIdentifier>{083d42ff-9f9f-4bb9-ac07-2736d2579662}</UniqueIdentifier>
    </Filter>
    <Filter Include="src\module\memory">
      <UniqueIdentifier>{6c6a0e49-5d07-4517-b044-0b909727b1fc}</UniqueIdentifier>
    </Filter>
    <Filter Include="src\module\execution">
      <UniqueIdentifier>{2419bcba-02bd-492a-83e2-f6598f38e9d5}</UniqueIdentifier>
    </Filter>
    <Filter Include="src\module\connection">
      <UniqueIdentifier>{f7cf56cd-75f0-45d3-85e9-e9ffb6a0faeb}</UniqueIdentifier>
    </Filter>
    <Filter Include="test\gemm">
      <UniqueIdentifier>{be6a0389-df79-48b9-a2f7-f24a5875f1a5}</UniqueIdentifier>
    </Filter>
    <Filter Include="test\bfs">
      <UniqueIdentifier>{cb976672-f379-4342-9590-b86638b2583a}</UniqueIdentifier>
    </Filter>
    <Filter Include="resource\SimpleFlowTest">
      <UniqueIdentifier>{2bcfa195-bd21-4294-b674-9fc1d8639d15}</UniqueIdentifier>
    </Filter>
    <Filter Include="resource\MemoryTest">
      <UniqueIdentifier>{45935b0d-d59b-4ba2-86b5-4557cd3dde11}</UniqueIdentifier>
    </Filter>
    <Filter Include="resource\Gemm">
      <UniqueIdentifier>{64aae03b-8412-4afa-9b50-7f42875185f2}</UniqueIdentifier>
    </Filter>
    <Filter Include="resource\Bfs">
      <UniqueIdentifier>{5ea00ce2-2f4d-4ad9-adfa-014edd16889e}</UniqueIdentifier>
    </Filter>
    <Filter Include="test\SimpleFlowTest">
      <UniqueIdentifier>{586477ed-7e65-4bcd-9b1e-485051795c6e}</UniqueIdentifier>
    </Filter>
    <Filter Include="test\MemoryTest">
      <UniqueIdentifier>{285e521b-da57-44b1-8dfa-fffec004b6d2}</UniqueIdentifier>
    </Filter>
  </ItemGroup>
  <ItemGroup>
    <ClInclude Include="src\util\util.hpp">
      <Filter>src\util</Filter>
    </ClInclude>
    <ClInclude Include="src\module\ClkSys.h">
      <Filter>src\module</Filter>
    </ClInclude>
    <ClInclude Include="src\module\DataType.h">
      <Filter>src\module</Filter>
    </ClInclude>
    <ClInclude Include="src\define\Para.h">
      <Filter>src\define</Filter>
    </ClInclude>
    <ClInclude Include="src\define\Define.hpp">
      <Filter>src\define</Filter>
    </ClInclude>
    <ClInclude Include="resource.h" />
    <ClInclude Include="src\sim\Debug.h">
      <Filter>src\sim</Filter>
    </ClInclude>
    <ClInclude Include="src\module\execution\Channel.h">
      <Filter>src\module\execution</Filter>
    </ClInclude>
    <ClInclude Include="src\module\execution\Lc.h">
      <Filter>src\module\execution</Filter>
    </ClInclude>
    <ClInclude Include="src\module\execution\Mux.h">
      <Filter>src\module\execution</Filter>
    </ClInclude>
    <ClInclude Include="src\module\mem\MemSystem.h">
      <Filter>src\module\memory</Filter>
    </ClInclude>
    <ClInclude Include="src\module\execution\Lse.h">
      <Filter>src\module\execution</Filter>
    </ClInclude>
    <ClInclude Include="src\module\mem\Spm.h">
      <Filter>src\module\memory</Filter>
    </ClInclude>
    <ClInclude Include="src\module\mem\Cache.h">
      <Filter>src\module\memory</Filter>
    </ClInclude>
    <ClInclude Include="src\module\EnumType.h">
      <Filter>src\module</Filter>
    </ClInclude>
    <ClInclude Include="test\gemm\Gemm.h">
      <Filter>test\gemm</Filter>
    </ClInclude>
    <ClInclude Include="src\module\Registry.h">
      <Filter>src\module</Filter>
    </ClInclude>
    <ClInclude Include="test\bfs\Bfs.h">
      <Filter>test\bfs</Filter>
    </ClInclude>
    <ClInclude Include="src\util\ReadFile.hpp">
      <Filter>src\util</Filter>
    </ClInclude>
    <ClInclude Include="test\SimpleFlow_Base.cpp">
      <Filter>test\SimpleFlowTest</Filter>
    </ClInclude>
    <ClInclude Include="test\SimpleFlow_DGSF.cpp">
      <Filter>test\SimpleFlowTest</Filter>
    </ClInclude>
    <ClInclude Include="test\SimpleFlow_SGMF.cpp">
      <Filter>test\SimpleFlowTest</Filter>
    </ClInclude>
    <ClInclude Include="test\MemoryTest.h">
      <Filter>test\MemoryTest</Filter>
    </ClInclude>
  </ItemGroup>
  <ItemGroup>
    <ClCompile Include="src\module\ClkSys.cpp">
      <Filter>src\module</Filter>
    </ClCompile>
    <ClCompile Include="src\main.cpp">
      <Filter>src</Filter>
    </ClCompile>
    <ClCompile Include="src\sim\Debug.cpp">
      <Filter>src\sim</Filter>
    </ClCompile>
    <ClCompile Include="src\module\execution\Channel.cpp">
      <Filter>src\module\execution</Filter>
    </ClCompile>
    <ClCompile Include="src\module\execution\Lc.cpp">
      <Filter>src\module\execution</Filter>
    </ClCompile>
    <ClCompile Include="src\module\execution\Mux.cpp">
      <Filter>src\module\execution</Filter>
    </ClCompile>
    <ClCompile Include="src\module\mem\MemSystem.cpp">
      <Filter>src\module\memory</Filter>
    </ClCompile>
    <ClCompile Include="src\module\execution\Lse.cpp">
      <Filter>src\module\execution</Filter>
    </ClCompile>
    <ClCompile Include="src\module\mem\Spm.cpp">
      <Filter>src\module\memory</Filter>
    </ClCompile>
    <ClCompile Include="src\module\mem\Cache.cpp">
      <Filter>src\module\memory</Filter>
    </ClCompile>
    <ClCompile Include="test\gemm\Gemm_Base.cpp">
      <Filter>test\gemm</Filter>
    </ClCompile>
    <ClCompile Include="src\module\Registry.cpp">
      <Filter>src\module</Filter>
    </ClCompile>
    <ClCompile Include="test\bfs\Bfs.cpp">
      <Filter>test\bfs</Filter>
    </ClCompile>
    <ClCompile Include="test\gemm\Gemm.cpp">
      <Filter>test\gemm</Filter>
    </ClCompile>
    <ClCompile Include="test\bfs\Bfs_SGMF.cpp">
      <Filter>test\bfs</Filter>
    </ClCompile>
    <ClCompile Include="test\gemm\Gemm_DGSF.cpp">
      <Filter>test\gemm</Filter>
    </ClCompile>
    <ClCompile Include="test\MemoryTest.cpp">
      <Filter>test\MemoryTest</Filter>
    </ClCompile>
  </ItemGroup>
  <ItemGroup>
    <Text Include="resource\Gemm\Gemm_log_Base.txt">
      <Filter>resource\Gemm</Filter>
    </Text>
    <Text Include="resource\MemoryTest\memory_test.txt">
      <Filter>resource\MemoryTest</Filter>
    </Text>
    <Text Include="resource\SimpleFlowTest\log.txt">
      <Filter>resource\SimpleFlowTest</Filter>
    </Text>
    <Text Include="resource\SimpleFlowTest\log_Base.txt">
      <Filter>resource\SimpleFlowTest</Filter>
    </Text>
    <Text Include="resource\SimpleFlowTest\log_DGSF.txt">
      <Filter>resource\SimpleFlowTest</Filter>
    </Text>
    <Text Include="resource\SimpleFlowTest\log_SGMF.txt">
      <Filter>resource\SimpleFlowTest</Filter>
    </Text>
    <Text Include="resource\Bfs\Bfs_log_SGMF.txt">
      <Filter>resource\Bfs</Filter>
    </Text>
    <Text Include="resource\Gemm\Gemm_log_DGSF.txt">
      <Filter>resource\Gemm</Filter>
    </Text>
  </ItemGroup>
  <ItemGroup>
    <ResourceCompile Include="DataflowSim.rc" />
  </ItemGroup>
  <ItemGroup>
    <None Include="resource\Bfs\input.data">
      <Filter>resource\Bfs</Filter>
    </None>
  </ItemGroup>
</Project>