<?xml version="1.0" encoding="utf-8"?>
<Project ToolsVersion="4.0" xmlns="http://schemas.microsoft.com/developer/msbuild/2003">
  <ItemGroup>
    <Filter Include="src">
      <UniqueIdentifier>{4FC737F1-C7A5-4376-A066-2A32D752A2FF}</UniqueIdentifier>
      <Extensions>cpp;c;cc;cxx;def;odl;idl;hpj;bat;asm;asmx</Extensions>
    </Filter>
    <Filter Include="src\module">
      <UniqueIdentifier>{73e18807-7f23-46b4-a34f-9766a4fc986e}</UniqueIdentifier>
    </Filter>
    <Filter Include="src\sim">
      <UniqueIdentifier>{2311b744-4369-4b56-a71f-6d1d58ab6dae}</UniqueIdentifier>
    </Filter>
    <Filter Include="src\util">
      <UniqueIdentifier>{dd00f813-7a57-4343-8244-505cb2b2b7a4}</UniqueIdentifier>
    </Filter>
    <Filter Include="src\define">
      <UniqueIdentifier>{ab09b8a6-6806-419c-a854-ade58bb38cc5}</UniqueIdentifier>
    </Filter>
    <Filter Include="resource">
      <UniqueIdentifier>{c3cb4b9b-54ed-43c5-8499-b3ca25c681d7}</UniqueIdentifier>
    </Filter>
    <Filter Include="resource\input">
      <UniqueIdentifier>{5782b88e-f2fe-4da2-8e1c-da2aab616c34}</UniqueIdentifier>
    </Filter>
    <Filter Include="resource\output">
      <UniqueIdentifier>{7f2c43b9-d312-40e6-8123-3ea8478389c8}</UniqueIdentifier>
    </Filter>
    <Filter Include="resource\output\SimpleFlowTest">
      <UniqueIdentifier>{2bcfa195-bd21-4294-b674-9fc1d8639d15}</UniqueIdentifier>
    </Filter>
    <Filter Include="test">
      <UniqueIdentifier>{083d42ff-9f9f-4bb9-ac07-2736d2579662}</UniqueIdentifier>
    </Filter>
    <Filter Include="src\module\exe">
      <UniqueIdentifier>{2419bcba-02bd-492a-83e2-f6598f38e9d5}</UniqueIdentifier>
    </Filter>
    <Filter Include="src\module\mem">
      <UniqueIdentifier>{6c6a0e49-5d07-4517-b044-0b909727b1fc}</UniqueIdentifier>
    </Filter>
    <Filter Include="src\module\connect">
      <UniqueIdentifier>{f7cf56cd-75f0-45d3-85e9-e9ffb6a0faeb}</UniqueIdentifier>
    </Filter>
  </ItemGroup>
  <ItemGroup>
    <ClInclude Include="src\util\util.hpp">
      <Filter>src\util</Filter>
    </ClInclude>
    <ClInclude Include="src\module\ClkSys.h">
      <Filter>src\module</Filter>
    </ClInclude>
    <ClInclude Include="src\module\DataType.h">
      <Filter>src\module</Filter>
    </ClInclude>
    <ClInclude Include="src\define\Para.h">
      <Filter>src\define</Filter>
    </ClInclude>
    <ClInclude Include="src\define\Define.hpp">
      <Filter>src\define</Filter>
    </ClInclude>
    <ClInclude Include="resource.h" />
    <ClInclude Include="src\sim\Debug.h">
      <Filter>src\sim</Filter>
    </ClInclude>
    <ClInclude Include="test\SimpleFlow_Base.hpp">
      <Filter>test</Filter>
    </ClInclude>
    <ClInclude Include="test\SimpleFlow_DGSF.hpp">
      <Filter>test</Filter>
    </ClInclude>
    <ClInclude Include="test\SimpleFlow_SGMF.hpp">
      <Filter>test</Filter>
    </ClInclude>
    <ClInclude Include="src\module\execution\Channel.h">
      <Filter>src\module\exe</Filter>
    </ClInclude>
    <ClInclude Include="src\module\execution\Lc.h">
      <Filter>src\module\exe</Filter>
    </ClInclude>
    <ClInclude Include="src\module\execution\Mux.h">
      <Filter>src\module\exe</Filter>
    </ClInclude>
    <ClInclude Include="src\module\mem\MemSystem.h">
      <Filter>src\module\mem</Filter>
    </ClInclude>
    <ClInclude Include="src\module\execution\Lse.h">
      <Filter>src\module\exe</Filter>
    </ClInclude>
  </ItemGroup>
  <ItemGroup>
    <ClCompile Include="src\module\ClkSys.cpp">
      <Filter>src\module</Filter>
    </ClCompile>
    <ClCompile Include="src\main.cpp">
      <Filter>src</Filter>
    </ClCompile>
    <ClCompile Include="src\sim\Debug.cpp">
      <Filter>src\sim</Filter>
    </ClCompile>
    <ClCompile Include="src\module\execution\Channel.cpp">
      <Filter>src\module\exe</Filter>
    </ClCompile>
    <ClCompile Include="src\module\execution\Lc.cpp">
      <Filter>src\module\exe</Filter>
    </ClCompile>
    <ClCompile Include="src\module\execution\Mux.cpp">
      <Filter>src\module\exe</Filter>
    </ClCompile>
    <ClCompile Include="src\module\mem\MemSystem.cpp">
      <Filter>src\module\mem</Filter>
    </ClCompile>
    <ClCompile Include="src\module\execution\Lse.cpp">
      <Filter>src\module\exe</Filter>
    </ClCompile>
  </ItemGroup>
  <ItemGroup>
    <Text Include="resource\output\SimpleFlowTest\log.txt">
      <Filter>resource\output\SimpleFlowTest</Filter>
    </Text>
    <Text Include="resource\output\SimpleFlowTest\log_DGSF.txt">
      <Filter>resource\output\SimpleFlowTest</Filter>
    </Text>
    <Text Include="resource\output\SimpleFlowTest\log_SGMF.txt">
      <Filter>resource\output\SimpleFlowTest</Filter>
    </Text>
    <Text Include="resource\output\SimpleFlowTest\log_Base.txt">
      <Filter>resource\output\SimpleFlowTest</Filter>
    </Text>
  </ItemGroup>
  <ItemGroup>
    <ResourceCompile Include="DataflowSim.rc" />
  </ItemGroup>
</Project>